
Microsoft Visual Studio Solution File, Format Version 12.00
# Visual Studio 15
VisualStudioVersion = 15.0.27130.2010
MinimumVisualStudioVersion = 10.0.40219.1
Project("{8BC9CEB8-8B4A-11D0-8D11-00A0C91BC942}") = "szyfry", "szyfry\szyfry.vcxproj", "{37831674-F1AA-4E30-9C6E-86F1A2EFB55D}"
EndProject
Global
	GlobalSection(SolutionConfigurationPlatforms) = preSolution
		Debug|x64 = Debug|x64
		Debug|x86 = Debug|x86
		Release|x64 = Release|x64
		Release|x86 = Release|x86
	EndGlobalSection
	GlobalSection(ProjectConfigurationPlatforms) = postSolution
		{37831674-F1AA-4E30-9C6E-86F1A2EFB55D}.Debug|x64.ActiveCfg = Debug|x64
		{37831674-F1AA-4E30-9C6E-86F1A2EFB55D}.Debug|x64.Build.0 = Debug|x64
		{37831674-F1AA-4E30-9C6E-86F1A2EFB55D}.Debug|x86.ActiveCfg = Debug|Win32
		{37831674-F1AA-4E30-9C6E-86F1A2EFB55D}.Debug|x86.Build.0 = Debug|Win32
		{37831674-F1AA-4E30-9C6E-86F1A2EFB55D}.Release|x64.ActiveCfg = Release|x64
		{37831674-F1AA-4E30-9C6E-86F1A2EFB55D}.Release|x64.Build.0 = Release|x64
		{37831674-F1AA-4E30-9C6E-86F1A2EFB55D}.Release|x86.ActiveCfg = Release|Win32
		{37831674-F1AA-4E30-9C6E-86F1A2EFB55D}.Release|x86.Build.0 = Release|Win32
	EndGlobalSection
	GlobalSection(SolutionProperties) = preSolution
		HideSolutionNode = FALSE
	EndGlobalSection
	GlobalSection(ExtensibilityGlobals) = postSolution
		SolutionGuid = {5E3C09E8-2869-42CF-A070-1F9335F3BD2E}
	EndGlobalSection
EndGlobal
